Microsoft Visual Studio Solution File, Format Version 12.00
# Visual Studio Version 17
VisualStudioVersion = 17.5.2.0
MinimumVisualStudioVersion = 10.0.40219.1
Project("{FAE04EC0-301F-11D3-BF4B-00C04F79EFBC}") = "ujian", "ujian.csproj", "{2DB85D1B-7B01-4414-9006-814F84374490}"
EndProject
Global
	GlobalSection(SolutionConfigurationPlatforms) = preSolution
		Debug|Any CPU = Debug|Any CPU
		Release|Any CPU = Release|Any CPU
	EndGlobalSection
	GlobalSection(ProjectConfigurationPlatforms) = postSolution
		{2DB85D1B-7B01-4414-9006-814F84374490}.Debug|Any CPU.ActiveCfg = Debug|Any CPU
		{2DB85D1B-7B01-4414-9006-814F84374490}.Debug|Any CPU.Build.0 = Debug|Any CPU
		{2DB85D1B-7B01-4414-9006-814F84374490}.Release|Any CPU.ActiveCfg = Release|Any CPU
		{2DB85D1B-7B01-4414-9006-814F84374490}.Release|Any CPU.Build.0 = Release|Any CPU
	EndGlobalSection
	GlobalSection(SolutionProperties) = preSolution
		HideSolutionNode = FALSE
	EndGlobalSection
	GlobalSection(ExtensibilityGlobals) = postSolution
		SolutionGuid = {3CEE5B1A-46BB-473B-9E29-08B2A80BDBA2}
	EndGlobalSection
EndGlobal
